
Microsoft Visual Studio Solution File, Format Version 12.00
# Visual Studio Version 17
VisualStudioVersion = 17.7.34031.279
MinimumVisualStudioVersion = 10.0.40219.1
Project("{F2A71F9B-5D33-465A-A702-920D77279786}") = "Assignment1", "Assignment1\Assignment1.fsproj", "{BFDC7973-8F02-4259-9762-E3061957FFF7}"
EndProject
Project("{FAE04EC0-301F-11D3-BF4B-00C04F79EFBC}") = "Assignment1Csharp", "Assignment1Csharp\Assignment1Csharp.csproj", "{D5543161-89B7-4CDD-A7CB-B164CCF06B42}"
EndProject
Project("{F2A71F9B-5D33-465A-A702-920D77279786}") = "Assignment2", "Assignment2\Assignment2.fsproj", "{B3A13CE6-0D70-4F2F-8CE0-EB8E5453263A}"
EndProject
Project("{F2A71F9B-5D33-465A-A702-920D77279786}") = "Assignment3", "Assignment3\Assignment3.fsproj", "{0A8CE804-29B9-476D-8717-DB112BAA261C}"
EndProject
Project("{F2A71F9B-5D33-465A-A702-920D77279786}") = "Assignment4", "Assignment4\Assignment4.fsproj", "{967C71AC-C896-44F5-84FA-6F7227A456B6}"
EndProject
Project("{F2A71F9B-5D33-465A-A702-920D77279786}") = "Assignment5", "Assignment5\Assignment5.fsproj", "{2D99BCC2-CE9C-415D-A5F8-B4FC5995B61E}"
EndProject
Project("{FAE04EC0-301F-11D3-BF4B-00C04F79EFBC}") = "Assignment5Csharp", "Assignment5Csharp\Assignment5Csharp.csproj", "{A76B79A0-CAF1-44A9-97C7-C050A023A2C8}"
EndProject
Project("{F2A71F9B-5D33-465A-A702-920D77279786}") = "Assignment6", "Assignment6\Assignment6.fsproj", "{68D589BE-CF26-4F1B-A8A8-926F8BF0B178}"
EndProject
Project("{F2A71F9B-5D33-465A-A702-920D77279786}") = "Assignment7", "Assignment7\Assignment7.fsproj", "{9A2FA89D-9A29-4E7B-BF4E-B2B93AF1C7C5}"
EndProject
Project("{FAE04EC0-301F-11D3-BF4B-00C04F79EFBC}") = "Assignment8", "Assignment8\Assignment8.csproj", "{664A062F-180D-4AE9-9BD9-E2C70589E8EE}"
EndProject
Project("{F2A71F9B-5D33-465A-A702-920D77279786}") = "Assignment9", "Assignment9\Assignment9.fsproj", "{15D2753C-347B-4471-BEAD-534C11BB0DDE}"
EndProject
Project("{F2A71F9B-5D33-465A-A702-920D77279786}") = "Assignment10OnlyExercises", "Assignment10OnlyExercises\Assignment10OnlyExercises.fsproj", "{80113962-ECBF-4E49-8269-A4DAE0DD832D}"
EndProject
Project("{F2A71F9B-5D33-465A-A702-920D77279786}") = "Assignment11", "Assignment11\Assignment11.fsproj", "{34FFE8D4-9513-4416-86F5-7BC501DF041D}"
EndProject
Project("{F2A71F9B-5D33-465A-A702-920D77279786}") = "Assignment12", "Assignment12\Assignment12.fsproj", "{A1BE9A54-6E49-4DBB-8107-FE6BB3CF0DCA}"
EndProject
Project("{F2A71F9B-5D33-465A-A702-920D77279786}") = "2017Jan", "2017Jan\2017Jan.fsproj", "{CF49F79E-6555-49F2-8E14-70D543E19F0C}"
EndProject
Project("{F2A71F9B-5D33-465A-A702-920D77279786}") = "2022Jan_opg2_opg3_lec6", "2022Jan_opg2_opg3_lec6\2022Jan_opg2_opg3_lec6.fsproj", "{A526EB17-FF01-4504-9CEE-77CA3146EB2B}"
EndProject
Project("{F2A71F9B-5D33-465A-A702-920D77279786}") = "2021Jan_opg1_opg2_lec6", "2021Jan_opg1_opg2_lec6\2021Jan_opg1_opg2_lec6.fsproj", "{001D1A56-FD6F-4777-BF35-E0ED156646B4}"
EndProject
Project("{F2A71F9B-5D33-465A-A702-920D77279786}") = "2021Jan_opg3_lec10", "2021Jan_opg3_lec10\2021Jan_opg3_lec10.fsproj", "{709F0E83-647C-4F39-826D-64560EE3F171}"
EndProject
Project("{F2A71F9B-5D33-465A-A702-920D77279786}") = "NFAandDFA", "NFAandDFA\NFAandDFA.fsproj", "{989E7466-B564-41AF-9FD8-33A44F82A6D9}"
EndProject
Project("{F2A71F9B-5D33-465A-A702-920D77279786}") = "2019Dec_opg2_lec5", "2019Dec_opg2_lec5\2019Dec_opg2_lec5.fsproj", "{3915E691-D444-4925-9F33-66F527284204}"
EndProject
Project("{F2A71F9B-5D33-465A-A702-920D77279786}") = "2019Dec_opg3_opg4_lec6", "2019Dec_opg3_opg4_lec6\2019Dec_opg3_opg4_lec6.fsproj", "{59180752-3C32-4F5E-BD45-3FEF92863F60}"
EndProject
Project("{F2A71F9B-5D33-465A-A702-920D77279786}") = "2019Jan_opg1_lec11", "2019Jan_opg1_lec11\2019Jan_opg1_lec11.fsproj", "{45FAE7AA-C2CF-442B-BBC1-BAF5FF5E7A8E}"
EndProject
Project("{F2A71F9B-5D33-465A-A702-920D77279786}") = "2019Jan_opg2_opg3_lec5", "2019Jan_opg2_opg3_lec5\2019Jan_opg2_opg3_lec5.fsproj", "{96EB4B64-C532-4C05-AB3E-13BCB4767320}"
EndProject
Project("{F2A71F9B-5D33-465A-A702-920D77279786}") = "2019Jan_opg4_lec6", "2019Jan_opg4_lec6\2019Jan_opg4_lec6.fsproj", "{0A16CE00-EAAF-40FC-B37A-F0742B19490C}"
EndProject
Project("{F2A71F9B-5D33-465A-A702-920D77279786}") = "2018Jan_opg2_lec11", "2018Jan_opg2_lec11\2018Jan_opg2_lec11.fsproj", "{EA8D0B66-32D0-417A-A5AE-D9C6417BE2E1}"
EndProject
Project("{F2A71F9B-5D33-465A-A702-920D77279786}") = "2018Jan_opg3_lec5", "2018Jan_opg3_lec5\2018Jan_opg3_lec5.fsproj", "{C369DB2A-15C8-4D64-8389-6219F62170F6}"
EndProject
Project("{F2A71F9B-5D33-465A-A702-920D77279786}") = "2018Jan_opg4_lec6", "2018Jan_opg4_lec6\2018Jan_opg4_lec6.fsproj", "{C72C481D-F1C3-4FA1-AA36-BEE324DD3D86}"
EndProject
Project("{F2A71F9B-5D33-465A-A702-920D77279786}") = "Lecture6Super", "Lecture6Super\Lecture6Super.fsproj", "{D6FFACBB-F754-42CD-A8B2-444B0D956448}"
EndProject
Project("{F2A71F9B-5D33-465A-A702-920D77279786}") = "Lecture5Super", "Lecture5Super\Lecture5Super.fsproj", "{418E3FCC-9B3D-4B5A-BD96-7449A7EE868E}"
EndProject
Project("{F2A71F9B-5D33-465A-A702-920D77279786}") = "2017Jan_opg2_lec11", "2017Jan_opg2_lec11\2017Jan_opg2_lec11.fsproj", "{3C8977D0-DB99-401C-832C-B8BA156D175E}"
EndProject
Project("{F2A71F9B-5D33-465A-A702-920D77279786}") = "2017Jan_opg3_opg4_lec5", "2017Jan_opg3_opg4_lec5\2017Jan_opg3_opg4_lec5.fsproj", "{6ADA8408-F77D-4824-8690-5491111D43F2}"
EndProject
Project("{F2A71F9B-5D33-465A-A702-920D77279786}") = "2017Jan_opg5_lec10", "2017Jan_opg5_lec10\2017Jan_opg5_lec10.fsproj", "{3C6892A2-577E-4BB7-9DDE-14989F505EAB}"
EndProject
Project("{F2A71F9B-5D33-465A-A702-920D77279786}") = "Lecture10Super", "Lecture10Super\Lecture10Super.fsproj", "{8FDD5D68-B6CE-4237-9271-8AAAD3798272}"
EndProject
Project("{F2A71F9B-5D33-465A-A702-920D77279786}") = "Lecture11Super", "Lecture11Super\Lecture11Super.fsproj", "{9A2E8792-5B1D-4721-A4C1-E1B29B68E65A}"
EndProject
Project("{F2A71F9B-5D33-465A-A702-920D77279786}") = "2022Jan_opg1_lec5", "2022Jan_opg1_lec5\2022Jan_opg1_lec5.fsproj", "{1AECA00D-303F-4EAD-8789-CC33CD240FBC}"
EndProject
Global
	GlobalSection(SolutionConfigurationPlatforms) = preSolution
		Debug|Any CPU = Debug|Any CPU
		Release|Any CPU = Release|Any CPU
	EndGlobalSection
	GlobalSection(ProjectConfigurationPlatforms) = postSolution
		{BFDC7973-8F02-4259-9762-E3061957FFF7}.Debug|Any CPU.ActiveCfg = Debug|Any CPU
		{BFDC7973-8F02-4259-9762-E3061957FFF7}.Debug|Any CPU.Build.0 = Debug|Any CPU
		{BFDC7973-8F02-4259-9762-E3061957FFF7}.Release|Any CPU.ActiveCfg = Release|Any CPU
		{BFDC7973-8F02-4259-9762-E3061957FFF7}.Release|Any CPU.Build.0 = Release|Any CPU
		{D5543161-89B7-4CDD-A7CB-B164CCF06B42}.Debug|Any CPU.ActiveCfg = Debug|Any CPU
		{D5543161-89B7-4CDD-A7CB-B164CCF06B42}.Debug|Any CPU.Build.0 = Debug|Any CPU
		{D5543161-89B7-4CDD-A7CB-B164CCF06B42}.Release|Any CPU.ActiveCfg = Release|Any CPU
		{D5543161-89B7-4CDD-A7CB-B164CCF06B42}.Release|Any CPU.Build.0 = Release|Any CPU
		{B3A13CE6-0D70-4F2F-8CE0-EB8E5453263A}.Debug|Any CPU.ActiveCfg = Debug|Any CPU
		{B3A13CE6-0D70-4F2F-8CE0-EB8E5453263A}.Debug|Any CPU.Build.0 = Debug|Any CPU
		{B3A13CE6-0D70-4F2F-8CE0-EB8E5453263A}.Release|Any CPU.ActiveCfg = Release|Any CPU
		{B3A13CE6-0D70-4F2F-8CE0-EB8E5453263A}.Release|Any CPU.Build.0 = Release|Any CPU
		{0A8CE804-29B9-476D-8717-DB112BAA261C}.Debug|Any CPU.ActiveCfg = Debug|Any CPU
		{0A8CE804-29B9-476D-8717-DB112BAA261C}.Debug|Any CPU.Build.0 = Debug|Any CPU
		{0A8CE804-29B9-476D-8717-DB112BAA261C}.Release|Any CPU.ActiveCfg = Release|Any CPU
		{0A8CE804-29B9-476D-8717-DB112BAA261C}.Release|Any CPU.Build.0 = Release|Any CPU
		{967C71AC-C896-44F5-84FA-6F7227A456B6}.Debug|Any CPU.ActiveCfg = Debug|Any CPU
		{967C71AC-C896-44F5-84FA-6F7227A456B6}.Debug|Any CPU.Build.0 = Debug|Any CPU
		{967C71AC-C896-44F5-84FA-6F7227A456B6}.Release|Any CPU.ActiveCfg = Release|Any CPU
		{967C71AC-C896-44F5-84FA-6F7227A456B6}.Release|Any CPU.Build.0 = Release|Any CPU
		{2D99BCC2-CE9C-415D-A5F8-B4FC5995B61E}.Debug|Any CPU.ActiveCfg = Debug|Any CPU
		{2D99BCC2-CE9C-415D-A5F8-B4FC5995B61E}.Debug|Any CPU.Build.0 = Debug|Any CPU
		{2D99BCC2-CE9C-415D-A5F8-B4FC5995B61E}.Release|Any CPU.ActiveCfg = Release|Any CPU
		{2D99BCC2-CE9C-415D-A5F8-B4FC5995B61E}.Release|Any CPU.Build.0 = Release|Any CPU
		{A76B79A0-CAF1-44A9-97C7-C050A023A2C8}.Debug|Any CPU.ActiveCfg = Debug|Any CPU
		{A76B79A0-CAF1-44A9-97C7-C050A023A2C8}.Debug|Any CPU.Build.0 = Debug|Any CPU
		{A76B79A0-CAF1-44A9-97C7-C050A023A2C8}.Release|Any CPU.ActiveCfg = Release|Any CPU
		{A76B79A0-CAF1-44A9-97C7-C050A023A2C8}.Release|Any CPU.Build.0 = Release|Any CPU
		{68D589BE-CF26-4F1B-A8A8-926F8BF0B178}.Debug|Any CPU.ActiveCfg = Debug|Any CPU
		{68D589BE-CF26-4F1B-A8A8-926F8BF0B178}.Debug|Any CPU.Build.0 = Debug|Any CPU
		{68D589BE-CF26-4F1B-A8A8-926F8BF0B178}.Release|Any CPU.ActiveCfg = Release|Any CPU
		{68D589BE-CF26-4F1B-A8A8-926F8BF0B178}.Release|Any CPU.Build.0 = Release|Any CPU
		{9A2FA89D-9A29-4E7B-BF4E-B2B93AF1C7C5}.Debug|Any CPU.ActiveCfg = Debug|Any CPU
		{9A2FA89D-9A29-4E7B-BF4E-B2B93AF1C7C5}.Debug|Any CPU.Build.0 = Debug|Any CPU
		{9A2FA89D-9A29-4E7B-BF4E-B2B93AF1C7C5}.Release|Any CPU.ActiveCfg = Release|Any CPU
		{9A2FA89D-9A29-4E7B-BF4E-B2B93AF1C7C5}.Release|Any CPU.Build.0 = Release|Any CPU
		{664A062F-180D-4AE9-9BD9-E2C70589E8EE}.Debug|Any CPU.ActiveCfg = Debug|Any CPU
		{664A062F-180D-4AE9-9BD9-E2C70589E8EE}.Debug|Any CPU.Build.0 = Debug|Any CPU
		{664A062F-180D-4AE9-9BD9-E2C70589E8EE}.Release|Any CPU.ActiveCfg = Release|Any CPU
		{664A062F-180D-4AE9-9BD9-E2C70589E8EE}.Release|Any CPU.Build.0 = Release|Any CPU
		{15D2753C-347B-4471-BEAD-534C11BB0DDE}.Debug|Any CPU.ActiveCfg = Debug|Any CPU
		{15D2753C-347B-4471-BEAD-534C11BB0DDE}.Debug|Any CPU.Build.0 = Debug|Any CPU
		{15D2753C-347B-4471-BEAD-534C11BB0DDE}.Release|Any CPU.ActiveCfg = Release|Any CPU
		{15D2753C-347B-4471-BEAD-534C11BB0DDE}.Release|Any CPU.Build.0 = Release|Any CPU
		{80113962-ECBF-4E49-8269-A4DAE0DD832D}.Debug|Any CPU.ActiveCfg = Debug|Any CPU
		{80113962-ECBF-4E49-8269-A4DAE0DD832D}.Debug|Any CPU.Build.0 = Debug|Any CPU
		{80113962-ECBF-4E49-8269-A4DAE0DD832D}.Release|Any CPU.ActiveCfg = Release|Any CPU
		{80113962-ECBF-4E49-8269-A4DAE0DD832D}.Release|Any CPU.Build.0 = Release|Any CPU
		{34FFE8D4-9513-4416-86F5-7BC501DF041D}.Debug|Any CPU.ActiveCfg = Debug|Any CPU
		{34FFE8D4-9513-4416-86F5-7BC501DF041D}.Debug|Any CPU.Build.0 = Debug|Any CPU
		{34FFE8D4-9513-4416-86F5-7BC501DF041D}.Release|Any CPU.ActiveCfg = Release|Any CPU
		{34FFE8D4-9513-4416-86F5-7BC501DF041D}.Release|Any CPU.Build.0 = Release|Any CPU
		{A1BE9A54-6E49-4DBB-8107-FE6BB3CF0DCA}.Debug|Any CPU.ActiveCfg = Debug|Any CPU
		{A1BE9A54-6E49-4DBB-8107-FE6BB3CF0DCA}.Debug|Any CPU.Build.0 = Debug|Any CPU
		{A1BE9A54-6E49-4DBB-8107-FE6BB3CF0DCA}.Release|Any CPU.ActiveCfg = Release|Any CPU
		{A1BE9A54-6E49-4DBB-8107-FE6BB3CF0DCA}.Release|Any CPU.Build.0 = Release|Any CPU
		{CF49F79E-6555-49F2-8E14-70D543E19F0C}.Debug|Any CPU.ActiveCfg = Debug|Any CPU
		{CF49F79E-6555-49F2-8E14-70D543E19F0C}.Debug|Any CPU.Build.0 = Debug|Any CPU
		{CF49F79E-6555-49F2-8E14-70D543E19F0C}.Release|Any CPU.ActiveCfg = Release|Any CPU
		{CF49F79E-6555-49F2-8E14-70D543E19F0C}.Release|Any CPU.Build.0 = Release|Any CPU
		{A526EB17-FF01-4504-9CEE-77CA3146EB2B}.Debug|Any CPU.ActiveCfg = Debug|Any CPU
		{A526EB17-FF01-4504-9CEE-77CA3146EB2B}.Debug|Any CPU.Build.0 = Debug|Any CPU
		{A526EB17-FF01-4504-9CEE-77CA3146EB2B}.Release|Any CPU.ActiveCfg = Release|Any CPU
		{A526EB17-FF01-4504-9CEE-77CA3146EB2B}.Release|Any CPU.Build.0 = Release|Any CPU
		{001D1A56-FD6F-4777-BF35-E0ED156646B4}.Debug|Any CPU.ActiveCfg = Debug|Any CPU
		{001D1A56-FD6F-4777-BF35-E0ED156646B4}.Debug|Any CPU.Build.0 = Debug|Any CPU
		{001D1A56-FD6F-4777-BF35-E0ED156646B4}.Release|Any CPU.ActiveCfg = Release|Any CPU
		{001D1A56-FD6F-4777-BF35-E0ED156646B4}.Release|Any CPU.Build.0 = Release|Any CPU
		{709F0E83-647C-4F39-826D-64560EE3F171}.Debug|Any CPU.ActiveCfg = Debug|Any CPU
		{709F0E83-647C-4F39-826D-64560EE3F171}.Debug|Any CPU.Build.0 = Debug|Any CPU
		{709F0E83-647C-4F39-826D-64560EE3F171}.Release|Any CPU.ActiveCfg = Release|Any CPU
		{709F0E83-647C-4F39-826D-64560EE3F171}.Release|Any CPU.Build.0 = Release|Any CPU
		{989E7466-B564-41AF-9FD8-33A44F82A6D9}.Debug|Any CPU.ActiveCfg = Debug|Any CPU
		{989E7466-B564-41AF-9FD8-33A44F82A6D9}.Debug|Any CPU.Build.0 = Debug|Any CPU
		{989E7466-B564-41AF-9FD8-33A44F82A6D9}.Release|Any CPU.ActiveCfg = Release|Any CPU
		{989E7466-B564-41AF-9FD8-33A44F82A6D9}.Release|Any CPU.Build.0 = Release|Any CPU
		{3915E691-D444-4925-9F33-66F527284204}.Debug|Any CPU.ActiveCfg = Debug|Any CPU
		{3915E691-D444-4925-9F33-66F527284204}.Debug|Any CPU.Build.0 = Debug|Any CPU
		{3915E691-D444-4925-9F33-66F527284204}.Release|Any CPU.ActiveCfg = Release|Any CPU
		{3915E691-D444-4925-9F33-66F527284204}.Release|Any CPU.Build.0 = Release|Any CPU
		{59180752-3C32-4F5E-BD45-3FEF92863F60}.Debug|Any CPU.ActiveCfg = Debug|Any CPU
		{59180752-3C32-4F5E-BD45-3FEF92863F60}.Debug|Any CPU.Build.0 = Debug|Any CPU
		{59180752-3C32-4F5E-BD45-3FEF92863F60}.Release|Any CPU.ActiveCfg = Release|Any CPU
		{59180752-3C32-4F5E-BD45-3FEF92863F60}.Release|Any CPU.Build.0 = Release|Any CPU
		{45FAE7AA-C2CF-442B-BBC1-BAF5FF5E7A8E}.Debug|Any CPU.ActiveCfg = Debug|Any CPU
		{45FAE7AA-C2CF-442B-BBC1-BAF5FF5E7A8E}.Debug|Any CPU.Build.0 = Debug|Any CPU
		{45FAE7AA-C2CF-442B-BBC1-BAF5FF5E7A8E}.Release|Any CPU.ActiveCfg = Release|Any CPU
		{45FAE7AA-C2CF-442B-BBC1-BAF5FF5E7A8E}.Release|Any CPU.Build.0 = Release|Any CPU
		{96EB4B64-C532-4C05-AB3E-13BCB4767320}.Debug|Any CPU.ActiveCfg = Debug|Any CPU
		{96EB4B64-C532-4C05-AB3E-13BCB4767320}.Debug|Any CPU.Build.0 = Debug|Any CPU
		{96EB4B64-C532-4C05-AB3E-13BCB4767320}.Release|Any CPU.ActiveCfg = Release|Any CPU
		{96EB4B64-C532-4C05-AB3E-13BCB4767320}.Release|Any CPU.Build.0 = Release|Any CPU
		{0A16CE00-EAAF-40FC-B37A-F0742B19490C}.Debug|Any CPU.ActiveCfg = Debug|Any CPU
		{0A16CE00-EAAF-40FC-B37A-F0742B19490C}.Debug|Any CPU.Build.0 = Debug|Any CPU
		{0A16CE00-EAAF-40FC-B37A-F0742B19490C}.Release|Any CPU.ActiveCfg = Release|Any CPU
		{0A16CE00-EAAF-40FC-B37A-F0742B19490C}.Release|Any CPU.Build.0 = Release|Any CPU
		{EA8D0B66-32D0-417A-A5AE-D9C6417BE2E1}.Debug|Any CPU.ActiveCfg = Debug|Any CPU
		{EA8D0B66-32D0-417A-A5AE-D9C6417BE2E1}.Debug|Any CPU.Build.0 = Debug|Any CPU
		{EA8D0B66-32D0-417A-A5AE-D9C6417BE2E1}.Release|Any CPU.ActiveCfg = Release|Any CPU
		{EA8D0B66-32D0-417A-A5AE-D9C6417BE2E1}.Release|Any CPU.Build.0 = Release|Any CPU
		{C369DB2A-15C8-4D64-8389-6219F62170F6}.Debug|Any CPU.ActiveCfg = Debug|Any CPU
		{C369DB2A-15C8-4D64-8389-6219F62170F6}.Debug|Any CPU.Build.0 = Debug|Any CPU
		{C369DB2A-15C8-4D64-8389-6219F62170F6}.Release|Any CPU.ActiveCfg = Release|Any CPU
		{C369DB2A-15C8-4D64-8389-6219F62170F6}.Release|Any CPU.Build.0 = Release|Any CPU
		{C72C481D-F1C3-4FA1-AA36-BEE324DD3D86}.Debug|Any CPU.ActiveCfg = Debug|Any CPU
		{C72C481D-F1C3-4FA1-AA36-BEE324DD3D86}.Debug|Any CPU.Build.0 = Debug|Any CPU
		{C72C481D-F1C3-4FA1-AA36-BEE324DD3D86}.Release|Any CPU.ActiveCfg = Release|Any CPU
		{C72C481D-F1C3-4FA1-AA36-BEE324DD3D86}.Release|Any CPU.Build.0 = Release|Any CPU
		{D6FFACBB-F754-42CD-A8B2-444B0D956448}.Debug|Any CPU.ActiveCfg = Debug|Any CPU
		{D6FFACBB-F754-42CD-A8B2-444B0D956448}.Debug|Any CPU.Build.0 = Debug|Any CPU
		{D6FFACBB-F754-42CD-A8B2-444B0D956448}.Release|Any CPU.ActiveCfg = Release|Any CPU
		{D6FFACBB-F754-42CD-A8B2-444B0D956448}.Release|Any CPU.Build.0 = Release|Any CPU
		{418E3FCC-9B3D-4B5A-BD96-7449A7EE868E}.Debug|Any CPU.ActiveCfg = Debug|Any CPU
		{418E3FCC-9B3D-4B5A-BD96-7449A7EE868E}.Debug|Any CPU.Build.0 = Debug|Any CPU
		{418E3FCC-9B3D-4B5A-BD96-7449A7EE868E}.Release|Any CPU.ActiveCfg = Release|Any CPU
		{418E3FCC-9B3D-4B5A-BD96-7449A7EE868E}.Release|Any CPU.Build.0 = Release|Any CPU
		{3C8977D0-DB99-401C-832C-B8BA156D175E}.Debug|Any CPU.ActiveCfg = Debug|Any CPU
		{3C8977D0-DB99-401C-832C-B8BA156D175E}.Debug|Any CPU.Build.0 = Debug|Any CPU
		{3C8977D0-DB99-401C-832C-B8BA156D175E}.Release|Any CPU.ActiveCfg = Release|Any CPU
		{3C8977D0-DB99-401C-832C-B8BA156D175E}.Release|Any CPU.Build.0 = Release|Any CPU
		{6ADA8408-F77D-4824-8690-5491111D43F2}.Debug|Any CPU.ActiveCfg = Debug|Any CPU
		{6ADA8408-F77D-4824-8690-5491111D43F2}.Debug|Any CPU.Build.0 = Debug|Any CPU
		{6ADA8408-F77D-4824-8690-5491111D43F2}.Release|Any CPU.ActiveCfg = Release|Any CPU
		{6ADA8408-F77D-4824-8690-5491111D43F2}.Release|Any CPU.Build.0 = Release|Any CPU
		{3C6892A2-577E-4BB7-9DDE-14989F505EAB}.Debug|Any CPU.ActiveCfg = Debug|Any CPU
		{3C6892A2-577E-4BB7-9DDE-14989F505EAB}.Debug|Any CPU.Build.0 = Debug|Any CPU
		{3C6892A2-577E-4BB7-9DDE-14989F505EAB}.Release|Any CPU.ActiveCfg = Release|Any CPU
		{3C6892A2-577E-4BB7-9DDE-14989F505EAB}.Release|Any CPU.Build.0 = Release|Any CPU
		{8FDD5D68-B6CE-4237-9271-8AAAD3798272}.Debug|Any CPU.ActiveCfg = Debug|Any CPU
		{8FDD5D68-B6CE-4237-9271-8AAAD3798272}.Debug|Any CPU.Build.0 = Debug|Any CPU
		{8FDD5D68-B6CE-4237-9271-8AAAD3798272}.Release|Any CPU.ActiveCfg = Release|Any CPU
		{8FDD5D68-B6CE-4237-9271-8AAAD3798272}.Release|Any CPU.Build.0 = Release|Any CPU
		{9A2E8792-5B1D-4721-A4C1-E1B29B68E65A}.Debug|Any CPU.ActiveCfg = Debug|Any CPU
		{9A2E8792-5B1D-4721-A4C1-E1B29B68E65A}.Debug|Any CPU.Build.0 = Debug|Any CPU
		{9A2E8792-5B1D-4721-A4C1-E1B29B68E65A}.Release|Any CPU.ActiveCfg = Release|Any CPU
		{9A2E8792-5B1D-4721-A4C1-E1B29B68E65A}.Release|Any CPU.Build.0 = Release|Any CPU
		{1AECA00D-303F-4EAD-8789-CC33CD240FBC}.Debug|Any CPU.ActiveCfg = Debug|Any CPU
		{1AECA00D-303F-4EAD-8789-CC33CD240FBC}.Debug|Any CPU.Build.0 = Debug|Any CPU
		{1AECA00D-303F-4EAD-8789-CC33CD240FBC}.Release|Any CPU.ActiveCfg = Release|Any CPU
		{1AECA00D-303F-4EAD-8789-CC33CD240FBC}.Release|Any CPU.Build.0 = Release|Any CPU
	EndGlobalSection
	GlobalSection(SolutionProperties) = preSolution
		HideSolutionNode = FALSE
	EndGlobalSection
	GlobalSection(ExtensibilityGlobals) = postSolution
		SolutionGuid = {C8D04797-0C1C-4E47-B24B-8482886A9AF2}
	EndGlobalSection
EndGlobal
